
Microsoft Visual Studio Solution File, Format Version 12.00
# Visual Studio Version 17
VisualStudioVersion = 17.3.32901.215
MinimumVisualStudioVersion = 10.0.40219.1
Project("{FAE04EC0-301F-11D3-BF4B-00C04F79EFBC}") = "GitDemo", "GitDemo\GitDemo.csproj", "{A42971A1-182C-41F9-9C67-A0628DAAFA8D}"
EndProject
Global
	GlobalSection(SolutionConfigurationPlatforms) = preSolution
		Debug|Any CPU = Debug|Any CPU
		Release|Any CPU = Release|Any CPU
	EndGlobalSection
	GlobalSection(ProjectConfigurationPlatforms) = postSolution
		{A42971A1-182C-41F9-9C67-A0628DAAFA8D}.Debug|Any CPU.ActiveCfg = Debug|Any CPU
		{A42971A1-182C-41F9-9C67-A0628DAAFA8D}.Debug|Any CPU.Build.0 = Debug|Any CPU
		{A42971A1-182C-41F9-9C67-A0628DAAFA8D}.Release|Any CPU.ActiveCfg = Release|Any CPU
		{A42971A1-182C-41F9-9C67-A0628DAAFA8D}.Release|Any CPU.Build.0 = Release|Any CPU
	EndGlobalSection
	GlobalSection(SolutionProperties) = preSolution
		HideSolutionNode = FALSE
	EndGlobalSection
	GlobalSection(ExtensibilityGlobals) = postSolution
		SolutionGuid = {D827C356-9E10-4E99-9230-E87BC0839C7A}
	EndGlobalSection
EndGlobal
